// !$*UTF8*$!
{
	archiveVersion = 1;
	classes = {
	};
	objectVersion = 50;
	objects = {

/* Begin PBXBuildFile section */
		4004740823F220D6001B1F60 /* AppDelegate.swift in Sources */ = {isa = PBXBuildFile; fileRef = 4004740723F220D6001B1F60 /* AppDelegate.swift */; };
		4004740A23F220D6001B1F60 /* SceneDelegate.swift in Sources */ = {isa = PBXBuildFile; fileRef = 4004740923F220D6001B1F60 /* SceneDelegate.swift */; };
		4004740F23F220D6001B1F60 /* Main.storyboard in Resources */ = {isa = PBXBuildFile; fileRef = 4004740D23F220D6001B1F60 /* Main.storyboard */; };
		4004741223F220D6001B1F60 /* dylanMemo.xcdatamodeld in Sources */ = {isa = PBXBuildFile; fileRef = 4004741023F220D6001B1F60 /* dylanMemo.xcdatamodeld */; };
		4004741423F220D6001B1F60 /* Assets.xcassets in Resources */ = {isa = PBXBuildFile; fileRef = 4004741323F220D6001B1F60 /* Assets.xcassets */; };
		4004741723F220D6001B1F60 /* LaunchScreen.storyboard in Resources */ = {isa = PBXBuildFile; fileRef = 4004741523F220D6001B1F60 /* LaunchScreen.storyboard */; };
		A3070B4F23F84647007E1D89 /* Model.swift in Sources */ = {isa = PBXBuildFile; fileRef = A3070B4E23F84647007E1D89 /* Model.swift */; };
		A3070B5123F912A7007E1D89 /* MemoListTableViewController.swift in Sources */ = {isa = PBXBuildFile; fileRef = A3070B5023F912A7007E1D89 /* MemoListTableViewController.swift */; };
		A3070B5323F920D3007E1D89 /* ComposeViewController.swift in Sources */ = {isa = PBXBuildFile; fileRef = A3070B5223F920D3007E1D89 /* ComposeViewController.swift */; };
		A37DCBB423FAC983006FD168 /* UIViewController+Alert.swift in Sources */ = {isa = PBXBuildFile; fileRef = A37DCBB323FAC983006FD168 /* UIViewController+Alert.swift */; };
/* End PBXBuildFile section */

/* Begin PBXFileReference section */
		4004740423F220D6001B1F60 /* dylanMemo.app */ = {isa = PBXFileReference; explicitFileType = wrapper.application; includeInIndex = 0; path = dylanMemo.app; sourceTree = BUILT_PRODUCTS_DIR; };
		4004740723F220D6001B1F60 /* AppDelegate.swift */ = {isa = PBXFileReference; lastKnownFileType = sourcecode.swift; path = AppDelegate.swift; sourceTree = "<group>"; };
		4004740923F220D6001B1F60 /* SceneDelegate.swift */ = {isa = PBXFileReference; lastKnownFileType = sourcecode.swift; path = SceneDelegate.swift; sourceTree = "<group>"; };
		4004740E23F220D6001B1F60 /* Base */ = {isa = PBXFileReference; lastKnownFileType = file.storyboard; name = Base; path = Base.lproj/Main.storyboard; sourceTree = "<group>"; };
		4004741123F220D6001B1F60 /* dylanMemo.xcdatamodel */ = {isa = PBXFileReference; lastKnownFileType = wrapper.xcdatamodel; path = dylanMemo.xcdatamodel; sourceTree = "<group>"; };
		4004741323F220D6001B1F60 /* Assets.xcassets */ = {isa = PBXFileReference; lastKnownFileType = folder.assetcatalog; path = Assets.xcassets; sourceTree = "<group>"; };
		4004741623F220D6001B1F60 /* Base */ = {isa = PBXFileReference; lastKnownFileType = file.storyboard; name = Base; path = Base.lproj/LaunchScreen.storyboard; sourceTree = "<group>"; };
		4004741823F220D6001B1F60 /* Info.plist */ = {isa = PBXFileReference; lastKnownFileType = text.plist.xml; path = Info.plist; sourceTree = "<group>"; };
		A3070B4E23F84647007E1D89 /* Model.swift */ = {isa = PBXFileReference; lastKnownFileType = sourcecode.swift; path = Model.swift; sourceTree = "<group>"; };
		A3070B5023F912A7007E1D89 /* MemoListTableViewController.swift */ = {isa = PBXFileReference; lastKnownFileType = sourcecode.swift; path = MemoListTableViewController.swift; sourceTree = "<group>"; };
		A3070B5223F920D3007E1D89 /* ComposeViewController.swift */ = {isa = PBXFileReference; lastKnownFileType = sourcecode.swift; path = ComposeViewController.swift; sourceTree = "<group>"; };
		A37DCBB323FAC983006FD168 /* UIViewController+Alert.swift */ = {isa = PBXFileReference; lastKnownFileType = sourcecode.swift; path = "UIViewController+Alert.swift"; sourceTree = "<group>"; };
/* End PBXFileReference section */

/* Begin PBXFrameworksBuildPhase section */
		4004740123F220D6001B1F60 /* Frameworks */ = {
			isa = PBXFrameworksBuildPhase;
			buildActionMask = 2147483647;
			files = (
			);
			runOnlyForDeploymentPostprocessing = 0;
		};
/* End PBXFrameworksBuildPhase section */

/* Begin PBXGroup section */
		400473FB23F220D5001B1F60 = {
			isa = PBXGroup;
			children = (
				4004740623F220D6001B1F60 /* dylanMemo */,
				4004740523F220D6001B1F60 /* Products */,
			);
			sourceTree = "<group>";
		};
		4004740523F220D6001B1F60 /* Products */ = {
			isa = PBXGroup;
			children = (
				4004740423F220D6001B1F60 /* dylanMemo.app */,
			);
			name = Products;
			sourceTree = "<group>";
		};
		4004740623F220D6001B1F60 /* dylanMemo */ = {
			isa = PBXGroup;
			children = (
				A3070B4D23F84602007E1D89 /* Model */,
				4004740723F220D6001B1F60 /* AppDelegate.swift */,
				4004740923F220D6001B1F60 /* SceneDelegate.swift */,
				4004740D23F220D6001B1F60 /* Main.storyboard */,
				4004741323F220D6001B1F60 /* Assets.xcassets */,
				4004741523F220D6001B1F60 /* LaunchScreen.storyboard */,
				4004741823F220D6001B1F60 /* Info.plist */,
				4004741023F220D6001B1F60 /* dylanMemo.xcdatamodeld */,
				A3070B5023F912A7007E1D89 /* MemoListTableViewController.swift */,
				A3070B5223F920D3007E1D89 /* ComposeViewController.swift */,
				A37DCBB323FAC983006FD168 /* UIViewController+Alert.swift */,
			);
			path = dylanMemo;
			sourceTree = "<group>";
		};
		A3070B4D23F84602007E1D89 /* Model */ = {
			isa = PBXGroup;
			children = (
				A3070B4E23F84647007E1D89 /* Model.swift */,
			);
			path = Model;
			sourceTree = "<group>";
		};
/* End PBXGroup section */

/* Begin PBXNativeTarget section */
		4004740323F220D6001B1F60 /* dylanMemo */ = {
			isa = PBXNativeTarget;
			buildConfigurationList = 4004741B23F220D6001B1F60 /* Build configuration list for PBXNativeTarget "dylanMemo" */;
			buildPhases = (
				4004740023F220D6001B1F60 /* Sources */,
				4004740123F220D6001B1F60 /* Frameworks */,
				4004740223F220D6001B1F60 /* Resources */,
			);
			buildRules = (
			);
			dependencies = (
			);
			name = dylanMemo;
			productName = dylanMemo;
			productReference = 4004740423F220D6001B1F60 /* dylanMemo.app */;
			productType = "com.apple.product-type.application";
		};
/* End PBXNativeTarget section */

/* Begin PBXProject section */
		400473FC23F220D5001B1F60 /* Project object */ = {
			isa = PBXProject;
			attributes = {
				LastSwiftUpdateCheck = 1130;
				LastUpgradeCheck = 1130;
				ORGANIZATIONNAME = dylan.k;
				TargetAttributes = {
					4004740323F220D6001B1F60 = {
						CreatedOnToolsVersion = 11.3.1;
					};
				};
			};
			buildConfigurationList = 400473FF23F220D5001B1F60 /* Build configuration list for PBXProject "dylanMemo" */;
			compatibilityVersion = "Xcode 9.3";
			developmentRegion = en;
			hasScannedForEncodings = 0;
			knownRegions = (
				en,
				Base,
			);
			mainGroup = 400473FB23F220D5001B1F60;
			productRefGroup = 4004740523F220D6001B1F60 /* Products */;
			projectDirPath = "";
			projectRoot = "";
			targets = (
				4004740323F220D6001B1F60 /* dylanMemo */,
			);
		};
/* End PBXProject section */

/* Begin PBXResourcesBuildPhase section */
		4004740223F220D6001B1F60 /* Resources */ = {
			isa = PBXResourcesBuildPhase;
			buildActionMask = 2147483647;
			files = (
				4004741723F220D6001B1F60 /* LaunchScreen.storyboard in Resources */,
				4004741423F220D6001B1F60 /* Assets.xcassets in Resources */,
				4004740F23F220D6001B1F60 /* Main.storyboard in Resources */,
			);
			runOnlyForDeploymentPostprocessing = 0;
		};
/* End PBXResourcesBuildPhase section */

/* Begin PBXSourcesBuildPhase section */
		4004740023F220D6001B1F60 /* Sources */ = {
			isa = PBXSourcesBuildPhase;
			buildActionMask = 2147483647;
			files = (
				4004741223F220D6001B1F60 /* dylanMemo.xcdatamodeld in Sources */,
				4004740823F220D6001B1F60 /* AppDelegate.swift in Sources */,
				A3070B5123F912A7007E1D89 /* MemoListTableViewController.swift in Sources */,
				A3070B5323F920D3007E1D89 /* ComposeViewController.swift in Sources */,
				4004740A23F220D6001B1F60 /* SceneDelegate.swift in Sources */,
				A3070B4F23F84647007E1D89 /* Model.swift in Sources */,
				A37DCBB423FAC983006FD168 /* UIViewController+Alert.swift in Sources */,
			);
			runOnlyForDeploymentPostprocessing = 0;
		};
/* End PBXSourcesBuildPhase section */

/* Begin PBXVariantGroup section */
		4004740D23F220D6001B1F60 /* Main.storyboard */ = {
			isa = PBXVariantGroup;
			children = (
				4004740E23F220D6001B1F60 /* Base */,
			);
			name = Main.storyboard;
			sourceTree = "<group>";
		};
		4004741523F220D6001B1F60 /* LaunchScreen.storyboard */ = {
			isa = PBXVariantGroup;
			children = (
				4004741623F220D6001B1F60 /* Base */,
			);
			name = LaunchScreen.storyboard;
			sourceTree = "<group>";
		};
/* End PBXVariantGroup section */

/* Begin XCBuildConfiguration section */
		4004741923F220D6001B1F60 /* Debug */ = {
			isa = XCBuildConfiguration;
			buildSettings = {
				ALWAYS_SEARCH_USER_PATHS = NO;
				CLANG_ANALYZER_NONNULL = YES;
				CLANG_ANALYZER_NUMBER_OBJECT_CONVERSION = YES_AGGRESSIVE;
				CLANG_CXX_LANGUAGE_STANDARD = "gnu++14";
				CLANG_CXX_LIBRARY = "libc++";
				CLANG_ENABLE_MODULES = YES;
				CLANG_ENABLE_OBJC_ARC = YES;
				CLANG_ENABLE_OBJC_WEAK = YES;
				CLANG_WARN_BLOCK_CAPTURE_AUTORELEASING = YES;
				CLANG_WARN_BOOL_CONVERSION = YES;
				CLANG_WARN_COMMA = YES;
				CLANG_WARN_CONSTANT_CONVERSION = YES;
				CLANG_WARN_DEPRECATED_OBJC_IMPLEMENTATIONS = YES;
				CLANG_WARN_DIRECT_OBJC_ISA_USAGE = YES_ERROR;
				CLANG_WARN_DOCUMENTATION_COMMENTS = YES;
				CLANG_WARN_EMPTY_BODY = YES;
				CLANG_WARN_ENUM_CONVERSION = YES;
				CLANG_WARN_INFINITE_RECURSION = YES;
				CLANG_WARN_INT_CONVERSION = YES;
				CLANG_WARN_NON_LITERAL_NULL_CONVERSION = YES;
				CLANG_WARN_OBJC_IMPLICIT_RETAIN_SELF = YES;
				CLANG_WARN_OBJC_LITERAL_CONVERSION = YES;
				CLANG_WARN_OBJC_ROOT_CLASS = YES_ERROR;
				CLANG_WARN_RANGE_LOOP_ANALYSIS = YES;
				CLANG_WARN_STRICT_PROTOTYPES = YES;
				CLANG_WARN_SUSPICIOUS_MOVE = YES;
				CLANG_WARN_UNGUARDED_AVAILABILITY = YES_AGGRESSIVE;
				CLANG_WARN_UNREACHABLE_CODE = YES;
				CLANG_WARN__DUPLICATE_METHOD_MATCH = YES;
				COPY_PHASE_STRIP = NO;
				DEBUG_INFORMATION_FORMAT = dwarf;
				ENABLE_STRICT_OBJC_MSGSEND = YES;
				ENABLE_TESTABILITY = YES;
				GCC_C_LANGUAGE_STANDARD = gnu11;
				GCC_DYNAMIC_NO_PIC = NO;
				GCC_NO_COMMON_BLOCKS = YES;
				GCC_OPTIMIZATION_LEVEL = 0;
				GCC_PREPROCESSOR_DEFINITIONS = (
					"DEBUG=1",
					"$(inherited)",
				);
				GCC_WARN_64_TO_32_BIT_CONVERSION = YES;
				GCC_WARN_ABOUT_RETURN_TYPE = YES_ERROR;
				GCC_WARN_UNDECLARED_SELECTOR = YES;
				GCC_WARN_UNINITIALIZED_AUTOS = YES_AGGRESSIVE;
				GCC_WARN_UNUSED_FUNCTION = YES;
				GCC_WARN_UNUSED_VARIABLE = YES;
				IPHONEOS_DEPLOYMENT_TARGET = 13.2;
				MTL_ENABLE_DEBUG_INFO = INCLUDE_SOURCE;
				MTL_FAST_MATH = YES;
				ONLY_ACTIVE_ARCH = YES;
				SDKROOT = iphoneos;
				SWIFT_ACTIVE_COMPILATION_CONDITIONS = DEBUG;
				SWIFT_OPTIMIZATION_LEVEL = "-Onone";
			};
			name = Debug;
		};
		4004741A23F220D6001B1F60 /* Release */ = {
			isa = XCBuildConfiguration;
			buildSettings = {
				ALWAYS_SEARCH_USER_PATHS = NO;
				CLANG_ANALYZER_NONNULL = YES;
				CLANG_ANALYZER_NUMBER_OBJECT_CONVERSION = YES_AGGRESSIVE;
				CLANG_CXX_LANGUAGE_STANDARD = "gnu++14";
				CLANG_CXX_LIBRARY = "libc++";
				CLANG_ENABLE_MODULES = YES;
				CLANG_ENABLE_OBJC_ARC = YES;
				CLANG_ENABLE_OBJC_WEAK = YES;
				CLANG_WARN_BLOCK_CAPTURE_AUTORELEASING = YES;
				CLANG_WARN_BOOL_CONVERSION = YES;
				CLANG_WARN_COMMA = YES;
				CLANG_WARN_CONSTANT_CONVERSION = YES;
				CLANG_WARN_DEPRECATED_OBJC_IMPLEMENTATIONS = YES;
				CLANG_WARN_DIRECT_OBJC_ISA_USAGE = YES_ERROR;
				CLANG_WARN_DOCUMENTATION_COMMENTS = YES;
				CLANG_WARN_EMPTY_BODY = YES;
				CLANG_WARN_ENUM_CONVERSION = YES;
				CLANG_WARN_INFINITE_RECURSION = YES;
				CLANG_WARN_INT_CONVERSION = YES;
				CLANG_WARN_NON_LITERAL_NULL_CONVERSION = YES;
				CLANG_WARN_OBJC_IMPLICIT_RETAIN_SELF = YES;
				CLANG_WARN_OBJC_LITERAL_CONVERSION = YES;
				CLANG_WARN_OBJC_ROOT_CLASS = YES_ERROR;
				CLANG_WARN_RANGE_LOOP_ANALYSIS = YES;
				CLANG_WARN_STRICT_PROTOTYPES = YES;
				CLANG_WARN_SUSPICIOUS_MOVE = YES;
				CLANG_WARN_UNGUARDED_AVAILABILITY = YES_AGGRESSIVE;
				CLANG_WARN_UNREACHABLE_CODE = YES;
				CLANG_WARN__DUPLICATE_METHOD_MATCH = YES;
				COPY_PHASE_STRIP = NO;
				DEBUG_INFORMATION_FORMAT = "dwarf-with-dsym";
				ENABLE_NS_ASSERTIONS = NO;
				ENABLE_STRICT_OBJC_MSGSEND = YES;
				GCC_C_LANGUAGE_STANDARD = gnu11;
				GCC_NO_COMMON_BLOCKS = YES;
				GCC_WARN_64_TO_32_BIT_CONVERSION = YES;
				GCC_WARN_ABOUT_RETURN_TYPE = YES_ERROR;
				GCC_WARN_UNDECLARED_SELECTOR = YES;
				GCC_WARN_UNINITIALIZED_AUTOS = YES_AGGRESSIVE;
				GCC_WARN_UNUSED_FUNCTION = YES;
				GCC_WARN_UNUSED_VARIABLE = YES;
				IPHONEOS_DEPLOYMENT_TARGET = 13.2;
				MTL_ENABLE_DEBUG_INFO = NO;
				MTL_FAST_MATH = YES;
				SDKROOT = iphoneos;
				SWIFT_COMPILATION_MODE = wholemodule;
				SWIFT_OPTIMIZATION_LEVEL = "-O";
				VALIDATE_PRODUCT = YES;
			};
			name = Release;
		};
		4004741C23F220D6001B1F60 /* Debug */ = {
			isa = XCBuildConfiguration;
			buildSettings = {
				ASSETCATALOG_COMPILER_APPICON_NAME = AppIcon;
				CODE_SIGN_STYLE = Automatic;
				DEVELOPMENT_TEAM = K5XPX6W5MN;
				INFOPLIST_FILE = dylanMemo/Info.plist;
				IPHONEOS_DEPLOYMENT_TARGET = 10.0;
				LD_RUNPATH_SEARCH_PATHS = (
					"$(inherited)",
					"@executable_path/Frameworks",
				);
				PRODUCT_BUNDLE_IDENTIFIER = kakao.dylanMemo;
				PRODUCT_NAME = "$(TARGET_NAME)";
				SWIFT_VERSION = 5.0;
				TARGETED_DEVICE_FAMILY = "1,2";
			};
			name = Debug;
		};
		4004741D23F220D6001B1F60 /* Release */ = {
			isa = XCBuildConfiguration;
			buildSettings = {
				ASSETCATALOG_COMPILER_APPICON_NAME = AppIcon;
				CODE_SIGN_STYLE = Automatic;
				DEVELOPMENT_TEAM = K5XPX6W5MN;
				INFOPLIST_FILE = dylanMemo/Info.plist;
				IPHONEOS_DEPLOYMENT_TARGET = 10.0;
				LD_RUNPATH_SEARCH_PATHS = (
					"$(inherited)",
					"@executable_path/Frameworks",
				);
				PRODUCT_BUNDLE_IDENTIFIER = kakao.dylanMemo;
				PRODUCT_NAME = "$(TARGET_NAME)";
				SWIFT_VERSION = 5.0;
				TARGETED_DEVICE_FAMILY = "1,2";
			};
			name = Release;
		};
/* End XCBuildConfiguration section */

/* Begin XCConfigurationList section */
		400473FF23F220D5001B1F60 /* Build configuration list for PBXProject "dylanMemo" */ = {
			isa = XCConfigurationList;
			buildConfigurations = (
				4004741923F220D6001B1F60 /* Debug */,
				4004741A23F220D6001B1F60 /* Release */,
			);
			defaultConfigurationIsVisible = 0;
			defaultConfigurationName = Release;
		};
		4004741B23F220D6001B1F60 /* Build configuration list for PBXNativeTarget "dylanMemo" */ = {
			isa = XCConfigurationList;
			buildConfigurations = (
				4004741C23F220D6001B1F60 /* Debug */,
				4004741D23F220D6001B1F60 /* Release */,
			);
			defaultConfigurationIsVisible = 0;
			defaultConfigurationName = Release;
		};
/* End XCConfigurationList section */

/* Begin XCVersionGroup section */
		4004741023F220D6001B1F60 /* dylanMemo.xcdatamodeld */ = {
			isa = XCVersionGroup;
			children = (
				4004741123F220D6001B1F60 /* dylanMemo.xcdatamodel */,
			);
			currentVersion = 4004741123F220D6001B1F60 /* dylanMemo.xcdatamodel */;
			path = dylanMemo.xcdatamodeld;
			sourceTree = "<group>";
			versionGroupType = wrapper.xcdatamodel;
		};
/* End XCVersionGroup section */
	};
	rootObject = 400473FC23F220D5001B1F60 /* Project object */;
}
